Microsoft Visual Studio Solution File, Format Version 12.00
# Visual Studio 2013
Project("{8BC9CEB8-8B4A-11D0-8D11-00A0C91BC942}") = "ALL_BUILD", "ALL_BUILD.vcxproj", "{60D31990-B345-4D36-8568-C4C884A025CC}"
	ProjectSection(ProjectDependencies) = postProject
		{A6454E6F-080D-4566-92FF-E2F1E9920D3A} = {A6454E6F-080D-4566-92FF-E2F1E9920D3A}
		{83B5585C-3780-437A-91BF-FD6D0F0E40AD} = {83B5585C-3780-437A-91BF-FD6D0F0E40AD}
		{C5B5E0A8-8146-4C14-BC4C-D9513A4EBBA0} = {C5B5E0A8-8146-4C14-BC4C-D9513A4EBBA0}
		{6565B826-F03A-45BE-A393-15DF64A5A87A} = {6565B826-F03A-45BE-A393-15DF64A5A87A}
		{50197A1A-3C05-4F7E-A9FC-6913F6C1C6C9} = {50197A1A-3C05-4F7E-A9FC-6913F6C1C6C9}
		{31E9A083-1651-4D6E-845A-5DA9CC659253} = {31E9A083-1651-4D6E-845A-5DA9CC659253}
		{1C5E72C6-1210-466F-B0CB-D9ABA01008B7} = {1C5E72C6-1210-466F-B0CB-D9ABA01008B7}
		{44566E36-3FFA-4547-8A63-AD3B52C59C6B} = {44566E36-3FFA-4547-8A63-AD3B52C59C6B}
		{95700BBD-2925-4565-95F2-22E846F12387} = {95700BBD-2925-4565-95F2-22E846F12387}
		{622D06E1-ADA2-442E-9AFA-0F56437DE408} = {622D06E1-ADA2-442E-9AFA-0F56437DE408}
		{11C19E98-6195-46EE-871C-237103302AB3} = {11C19E98-6195-46EE-871C-237103302AB3}
		{A638FC59-40BD-43AA-858E-271FA53DCC0A} = {A638FC59-40BD-43AA-858E-271FA53DCC0A}
		{E7FBFF63-41E6-427F-AEAE-D05B17F47437} = {E7FBFF63-41E6-427F-AEAE-D05B17F47437}
		{455972BD-D357-44EB-AE6E-C4CAF9F55289} = {455972BD-D357-44EB-AE6E-C4CAF9F55289}
		{A97FE346-828D-4B48-8977-747BBC7A5321} = {A97FE346-828D-4B48-8977-747BBC7A5321}
		{AAF2258A-56AC-4F28-8ACF-AA0E099E898A} = {AAF2258A-56AC-4F28-8ACF-AA0E099E898A}
		{8D3CD326-3661-49D9-862A-BCF13E832CFB} = {8D3CD326-3661-49D9-862A-BCF13E832CFB}
		{F9BD0CC6-1F25-47A3-8C07-0DBEF629AEEB} = {F9BD0CC6-1F25-47A3-8C07-0DBEF629AEEB}
		{AA14968A-237F-478E-82B6-2D05E1E37B0F} = {AA14968A-237F-478E-82B6-2D05E1E37B0F}
		{F76B1C6A-0FDF-4CC4-9CC7-717313CE5ABE} = {F76B1C6A-0FDF-4CC4-9CC7-717313CE5ABE}
		{06625F9C-466D-4273-B25F-6337C917C687} = {06625F9C-466D-4273-B25F-6337C917C687}
		{E220D160-B637-48D9-9F8C-A9E328F10A45} = {E220D160-B637-48D9-9F8C-A9E328F10A45}
		{5F3CFA07-D9FE-44A3-A4A3-0A3271A747E5} = {5F3CFA07-D9FE-44A3-A4A3-0A3271A747E5}
		{15797951-2E39-4B43-ABFA-9BC2BCE32E15} = {15797951-2E39-4B43-ABFA-9BC2BCE32E15}
		{36C21A36-25C7-4B71-962A-EF7EE15B53E8} = {36C21A36-25C7-4B71-962A-EF7EE15B53E8}
		{409A9CDC-F8BC-43EF-9EE0-BBC446F4A1BE} = {409A9CDC-F8BC-43EF-9EE0-BBC446F4A1BE}
		{043CE492-FBF7-455A-94F0-E758F2B004A1} = {043CE492-FBF7-455A-94F0-E758F2B004A1}
		{FCE0AD99-D3FD-4FE1-8B2A-EA359186D7D7} = {FCE0AD99-D3FD-4FE1-8B2A-EA359186D7D7}
		{0A0188C8-1407-4BA9-B53B-6F5800663FDA} = {0A0188C8-1407-4BA9-B53B-6F5800663FDA}
		{1787EA50-8FDB-4A70-A26B-52875773872F} = {1787EA50-8FDB-4A70-A26B-52875773872F}
		{658A8382-1349-412D-AA2A-9F713D64FFC1} = {658A8382-1349-412D-AA2A-9F713D64FFC1}
	EndProjectSection
EndProject
Project("{8BC9CEB8-8B4A-11D0-8D11-00A0C91BC942}") = "AF", "project\AF\AF.vcxproj", "{A6454E6F-080D-4566-92FF-E2F1E9920D3A}"
	ProjectSection(ProjectDependencies) = postProject
		{83B5585C-3780-437A-91BF-FD6D0F0E40AD} = {83B5585C-3780-437A-91BF-FD6D0F0E40AD}
		{C5B5E0A8-8146-4C14-BC4C-D9513A4EBBA0} = {C5B5E0A8-8146-4C14-BC4C-D9513A4EBBA0}
		{6565B826-F03A-45BE-A393-15DF64A5A87A} = {6565B826-F03A-45BE-A393-15DF64A5A87A}
		{50197A1A-3C05-4F7E-A9FC-6913F6C1C6C9} = {50197A1A-3C05-4F7E-A9FC-6913F6C1C6C9}
		{31E9A083-1651-4D6E-845A-5DA9CC659253} = {31E9A083-1651-4D6E-845A-5DA9CC659253}
		{1C5E72C6-1210-466F-B0CB-D9ABA01008B7} = {1C5E72C6-1210-466F-B0CB-D9ABA01008B7}
		{44566E36-3FFA-4547-8A63-AD3B52C59C6B} = {44566E36-3FFA-4547-8A63-AD3B52C59C6B}
		{95700BBD-2925-4565-95F2-22E846F12387} = {95700BBD-2925-4565-95F2-22E846F12387}
		{622D06E1-ADA2-442E-9AFA-0F56437DE408} = {622D06E1-ADA2-442E-9AFA-0F56437DE408}
		{11C19E98-6195-46EE-871C-237103302AB3} = {11C19E98-6195-46EE-871C-237103302AB3}
		{A638FC59-40BD-43AA-858E-271FA53DCC0A} = {A638FC59-40BD-43AA-858E-271FA53DCC0A}
		{E7FBFF63-41E6-427F-AEAE-D05B17F47437} = {E7FBFF63-41E6-427F-AEAE-D05B17F47437}
		{455972BD-D357-44EB-AE6E-C4CAF9F55289} = {455972BD-D357-44EB-AE6E-C4CAF9F55289}
		{A97FE346-828D-4B48-8977-747BBC7A5321} = {A97FE346-828D-4B48-8977-747BBC7A5321}
		{AAF2258A-56AC-4F28-8ACF-AA0E099E898A} = {AAF2258A-56AC-4F28-8ACF-AA0E099E898A}
		{8D3CD326-3661-49D9-862A-BCF13E832CFB} = {8D3CD326-3661-49D9-862A-BCF13E832CFB}
		{F9BD0CC6-1F25-47A3-8C07-0DBEF629AEEB} = {F9BD0CC6-1F25-47A3-8C07-0DBEF629AEEB}
		{AA14968A-237F-478E-82B6-2D05E1E37B0F} = {AA14968A-237F-478E-82B6-2D05E1E37B0F}
		{F76B1C6A-0FDF-4CC4-9CC7-717313CE5ABE} = {F76B1C6A-0FDF-4CC4-9CC7-717313CE5ABE}
		{06625F9C-466D-4273-B25F-6337C917C687} = {06625F9C-466D-4273-B25F-6337C917C687}
		{E220D160-B637-48D9-9F8C-A9E328F10A45} = {E220D160-B637-48D9-9F8C-A9E328F10A45}
		{5F3CFA07-D9FE-44A3-A4A3-0A3271A747E5} = {5F3CFA07-D9FE-44A3-A4A3-0A3271A747E5}
		{15797951-2E39-4B43-ABFA-9BC2BCE32E15} = {15797951-2E39-4B43-ABFA-9BC2BCE32E15}
		{36C21A36-25C7-4B71-962A-EF7EE15B53E8} = {36C21A36-25C7-4B71-962A-EF7EE15B53E8}
		{409A9CDC-F8BC-43EF-9EE0-BBC446F4A1BE} = {409A9CDC-F8BC-43EF-9EE0-BBC446F4A1BE}
		{043CE492-FBF7-455A-94F0-E758F2B004A1} = {043CE492-FBF7-455A-94F0-E758F2B004A1}
		{FCE0AD99-D3FD-4FE1-8B2A-EA359186D7D7} = {FCE0AD99-D3FD-4FE1-8B2A-EA359186D7D7}
		{0A0188C8-1407-4BA9-B53B-6F5800663FDA} = {0A0188C8-1407-4BA9-B53B-6F5800663FDA}
		{1787EA50-8FDB-4A70-A26B-52875773872F} = {1787EA50-8FDB-4A70-A26B-52875773872F}
		{658A8382-1349-412D-AA2A-9F713D64FFC1} = {658A8382-1349-412D-AA2A-9F713D64FFC1}
	EndProjectSection
EndProject
Project("{8BC9CEB8-8B4A-11D0-8D11-00A0C91BC942}") = "ZERO_CHECK", "ZERO_CHECK.vcxproj", "{83B5585C-3780-437A-91BF-FD6D0F0E40AD}"
	ProjectSection(ProjectDependencies) = postProject
	EndProjectSection
EndProject
Project("{8BC9CEB8-8B4A-11D0-8D11-00A0C91BC942}") = "audio", "sdk\driver\audio\audio.vcxproj", "{C5B5E0A8-8146-4C14-BC4C-D9513A4EBBA0}"
	ProjectSection(ProjectDependencies) = postProject
		{83B5585C-3780-437A-91BF-FD6D0F0E40AD} = {83B5585C-3780-437A-91BF-FD6D0F0E40AD}
	EndProjectSection
EndProject
Project("{8BC9CEB8-8B4A-11D0-8D11-00A0C91BC942}") = "audio_mgr", "sdk\share\audio_mgr\audio_mgr.vcxproj", "{6565B826-F03A-45BE-A393-15DF64A5A87A}"
	ProjectSection(ProjectDependencies) = postProject
		{83B5585C-3780-437A-91BF-FD6D0F0E40AD} = {83B5585C-3780-437A-91BF-FD6D0F0E40AD}
	EndProjectSection
EndProject
Project("{8BC9CEB8-8B4A-11D0-8D11-00A0C91BC942}") = "boot", "win32\boot\boot.vcxproj", "{50197A1A-3C05-4F7E-A9FC-6913F6C1C6C9}"
	ProjectSection(ProjectDependencies) = postProject
		{83B5585C-3780-437A-91BF-FD6D0F0E40AD} = {83B5585C-3780-437A-91BF-FD6D0F0E40AD}
	EndProjectSection
EndProject
Project("{8BC9CEB8-8B4A-11D0-8D11-00A0C91BC942}") = "bt", "sdk\driver\bt\bt.vcxproj", "{31E9A083-1651-4D6E-845A-5DA9CC659253}"
	ProjectSection(ProjectDependencies) = postProject
		{83B5585C-3780-437A-91BF-FD6D0F0E40AD} = {83B5585C-3780-437A-91BF-FD6D0F0E40AD}
	EndProjectSection
EndProject
Project("{8BC9CEB8-8B4A-11D0-8D11-00A0C91BC942}") = "fat_sd", "sdk\share\fat\fat_sd.vcxproj", "{1C5E72C6-1210-466F-B0CB-D9ABA01008B7}"
	ProjectSection(ProjectDependencies) = postProject
		{83B5585C-3780-437A-91BF-FD6D0F0E40AD} = {83B5585C-3780-437A-91BF-FD6D0F0E40AD}
	EndProjectSection
EndProject
Project("{8BC9CEB8-8B4A-11D0-8D11-00A0C91BC942}") = "freetype", "sdk\share\freetype\freetype.vcxproj", "{44566E36-3FFA-4547-8A63-AD3B52C59C6B}"
	ProjectSection(ProjectDependencies) = postProject
		{83B5585C-3780-437A-91BF-FD6D0F0E40AD} = {83B5585C-3780-437A-91BF-FD6D0F0E40AD}
	EndProjectSection
EndProject
Project("{8BC9CEB8-8B4A-11D0-8D11-00A0C91BC942}") = "i2s", "sdk\driver\i2s\i2s.vcxproj", "{95700BBD-2925-4565-95F2-22E846F12387}"
	ProjectSection(ProjectDependencies) = postProject
		{83B5585C-3780-437A-91BF-FD6D0F0E40AD} = {83B5585C-3780-437A-91BF-FD6D0F0E40AD}
	EndProjectSection
EndProject
Project("{8BC9CEB8-8B4A-11D0-8D11-00A0C91BC942}") = "iic", "sdk\driver\iic\iic.vcxproj", "{622D06E1-ADA2-442E-9AFA-0F56437DE408}"
	ProjectSection(ProjectDependencies) = postProject
		{83B5585C-3780-437A-91BF-FD6D0F0E40AD} = {83B5585C-3780-437A-91BF-FD6D0F0E40AD}
	EndProjectSection
EndProject
Project("{8BC9CEB8-8B4A-11D0-8D11-00A0C91BC942}") = "iniparser", "sdk\share\iniparser\iniparser.vcxproj", "{11C19E98-6195-46EE-871C-237103302AB3}"
	ProjectSection(ProjectDependencies) = postProject
		{83B5585C-3780-437A-91BF-FD6D0F0E40AD} = {83B5585C-3780-437A-91BF-FD6D0F0E40AD}
	EndProjectSection
EndProject
Project("{8BC9CEB8-8B4A-11D0-8D11-00A0C91BC942}") = "itc", "sdk\share\itc\itc.vcxproj", "{A638FC59-40BD-43AA-858E-271FA53DCC0A}"
	ProjectSection(ProjectDependencies) = postProject
		{83B5585C-3780-437A-91BF-FD6D0F0E40AD} = {83B5585C-3780-437A-91BF-FD6D0F0E40AD}
	EndProjectSection
EndProject
Project("{8BC9CEB8-8B4A-11D0-8D11-00A0C91BC942}") = "ith", "sdk\driver\ith\ith.vcxproj", "{E7FBFF63-41E6-427F-AEAE-D05B17F47437}"
	ProjectSection(ProjectDependencies) = postProject
		{83B5585C-3780-437A-91BF-FD6D0F0E40AD} = {83B5585C-3780-437A-91BF-FD6D0F0E40AD}
	EndProjectSection
EndProject
Project("{8BC9CEB8-8B4A-11D0-8D11-00A0C91BC942}") = "ith_platform", "sdk\driver\ith\ith_platform.vcxproj", "{455972BD-D357-44EB-AE6E-C4CAF9F55289}"
	ProjectSection(ProjectDependencies) = postProject
		{83B5585C-3780-437A-91BF-FD6D0F0E40AD} = {83B5585C-3780-437A-91BF-FD6D0F0E40AD}
	EndProjectSection
EndProject
Project("{8BC9CEB8-8B4A-11D0-8D11-00A0C91BC942}") = "itp", "sdk\driver\itp\itp.vcxproj", "{A97FE346-828D-4B48-8977-747BBC7A5321}"
	ProjectSection(ProjectDependencies) = postProject
		{83B5585C-3780-437A-91BF-FD6D0F0E40AD} = {83B5585C-3780-437A-91BF-FD6D0F0E40AD}
	EndProjectSection
EndProject
Project("{8BC9CEB8-8B4A-11D0-8D11-00A0C91BC942}") = "itp_boot", "sdk\driver\itp\itp_boot.vcxproj", "{AAF2258A-56AC-4F28-8ACF-AA0E099E898A}"
	ProjectSection(ProjectDependencies) = postProject
		{83B5585C-3780-437A-91BF-FD6D0F0E40AD} = {83B5585C-3780-437A-91BF-FD6D0F0E40AD}
	EndProjectSection
EndProject
Project("{8BC9CEB8-8B4A-11D0-8D11-00A0C91BC942}") = "itu", "sdk\share\itu\itu.vcxproj", "{8D3CD326-3661-49D9-862A-BCF13E832CFB}"
	ProjectSection(ProjectDependencies) = postProject
		{83B5585C-3780-437A-91BF-FD6D0F0E40AD} = {83B5585C-3780-437A-91BF-FD6D0F0E40AD}
	EndProjectSection
EndProject
Project("{8BC9CEB8-8B4A-11D0-8D11-00A0C91BC942}") = "jpeg", "sdk\share\jpeg\jpeg.vcxproj", "{F9BD0CC6-1F25-47A3-8C07-0DBEF629AEEB}"
	ProjectSection(ProjectDependencies) = postProject
		{83B5585C-3780-437A-91BF-FD6D0F0E40AD} = {83B5585C-3780-437A-91BF-FD6D0F0E40AD}
	EndProjectSection
EndProject
Project("{8BC9CEB8-8B4A-11D0-8D11-00A0C91BC942}") = "png", "sdk\share\png\png.vcxproj", "{AA14968A-237F-478E-82B6-2D05E1E37B0F}"
	ProjectSection(ProjectDependencies) = postProject
		{83B5585C-3780-437A-91BF-FD6D0F0E40AD} = {83B5585C-3780-437A-91BF-FD6D0F0E40AD}
	EndProjectSection
EndProject
Project("{8BC9CEB8-8B4A-11D0-8D11-00A0C91BC942}") = "ptw32", "win32\ptw32\ptw32.vcxproj", "{F76B1C6A-0FDF-4CC4-9CC7-717313CE5ABE}"
	ProjectSection(ProjectDependencies) = postProject
		{83B5585C-3780-437A-91BF-FD6D0F0E40AD} = {83B5585C-3780-437A-91BF-FD6D0F0E40AD}
	EndProjectSection
EndProject
Project("{8BC9CEB8-8B4A-11D0-8D11-00A0C91BC942}") = "pyinput", "sdk\share\pyinput\pyinput.vcxproj", "{06625F9C-466D-4273-B25F-6337C917C687}"
	ProjectSection(ProjectDependencies) = postProject
		{83B5585C-3780-437A-91BF-FD6D0F0E40AD} = {83B5585C-3780-437A-91BF-FD6D0F0E40AD}
	EndProjectSection
EndProject
Project("{8BC9CEB8-8B4A-11D0-8D11-00A0C91BC942}") = "redblack", "sdk\share\redblack\redblack.vcxproj", "{E220D160-B637-48D9-9F8C-A9E328F10A45}"
	ProjectSection(ProjectDependencies) = postProject
		{83B5585C-3780-437A-91BF-FD6D0F0E40AD} = {83B5585C-3780-437A-91BF-FD6D0F0E40AD}
	EndProjectSection
EndProject
Project("{8BC9CEB8-8B4A-11D0-8D11-00A0C91BC942}") = "risc", "sdk\driver\risc\risc.vcxproj", "{5F3CFA07-D9FE-44A3-A4A3-0A3271A747E5}"
	ProjectSection(ProjectDependencies) = postProject
		{83B5585C-3780-437A-91BF-FD6D0F0E40AD} = {83B5585C-3780-437A-91BF-FD6D0F0E40AD}
	EndProjectSection
EndProject
Project("{8BC9CEB8-8B4A-11D0-8D11-00A0C91BC942}") = "sd", "sdk\driver\sd\sd.vcxproj", "{15797951-2E39-4B43-ABFA-9BC2BCE32E15}"
	ProjectSection(ProjectDependencies) = postProject
		{83B5585C-3780-437A-91BF-FD6D0F0E40AD} = {83B5585C-3780-437A-91BF-FD6D0F0E40AD}
	EndProjectSection
EndProject
Project("{8BC9CEB8-8B4A-11D0-8D11-00A0C91BC942}") = "sdl", "sdk\share\sdl\sdl.vcxproj", "{36C21A36-25C7-4B71-962A-EF7EE15B53E8}"
	ProjectSection(ProjectDependencies) = postProject
		{83B5585C-3780-437A-91BF-FD6D0F0E40AD} = {83B5585C-3780-437A-91BF-FD6D0F0E40AD}
	EndProjectSection
EndProject
Project("{8BC9CEB8-8B4A-11D0-8D11-00A0C91BC942}") = "sdl_main", "sdk\share\sdl\sdl_main.vcxproj", "{409A9CDC-F8BC-43EF-9EE0-BBC446F4A1BE}"
	ProjectSection(ProjectDependencies) = postProject
		{83B5585C-3780-437A-91BF-FD6D0F0E40AD} = {83B5585C-3780-437A-91BF-FD6D0F0E40AD}
	EndProjectSection
EndProject
Project("{8BC9CEB8-8B4A-11D0-8D11-00A0C91BC942}") = "spi", "sdk\driver\spi\spi.vcxproj", "{043CE492-FBF7-455A-94F0-E758F2B004A1}"
	ProjectSection(ProjectDependencies) = postProject
		{83B5585C-3780-437A-91BF-FD6D0F0E40AD} = {83B5585C-3780-437A-91BF-FD6D0F0E40AD}
	EndProjectSection
EndProject
Project("{8BC9CEB8-8B4A-11D0-8D11-00A0C91BC942}") = "tslib", "sdk\share\tslib\tslib.vcxproj", "{FCE0AD99-D3FD-4FE1-8B2A-EA359186D7D7}"
	ProjectSection(ProjectDependencies) = postProject
		{83B5585C-3780-437A-91BF-FD6D0F0E40AD} = {83B5585C-3780-437A-91BF-FD6D0F0E40AD}
	EndProjectSection
EndProject
Project("{8BC9CEB8-8B4A-11D0-8D11-00A0C91BC942}") = "ucl", "sdk\share\ucl\ucl.vcxproj", "{0A0188C8-1407-4BA9-B53B-6F5800663FDA}"
	ProjectSection(ProjectDependencies) = postProject
		{83B5585C-3780-437A-91BF-FD6D0F0E40AD} = {83B5585C-3780-437A-91BF-FD6D0F0E40AD}
	EndProjectSection
EndProject
Project("{8BC9CEB8-8B4A-11D0-8D11-00A0C91BC942}") = "upgrade", "sdk\share\upgrade\upgrade.vcxproj", "{1787EA50-8FDB-4A70-A26B-52875773872F}"
	ProjectSection(ProjectDependencies) = postProject
		{83B5585C-3780-437A-91BF-FD6D0F0E40AD} = {83B5585C-3780-437A-91BF-FD6D0F0E40AD}
	EndProjectSection
EndProject
Project("{8BC9CEB8-8B4A-11D0-8D11-00A0C91BC942}") = "zlib", "sdk\share\zlib\zlib.vcxproj", "{658A8382-1349-412D-AA2A-9F713D64FFC1}"
	ProjectSection(ProjectDependencies) = postProject
		{83B5585C-3780-437A-91BF-FD6D0F0E40AD} = {83B5585C-3780-437A-91BF-FD6D0F0E40AD}
	EndProjectSection
EndProject
Global
	GlobalSection(SolutionConfigurationPlatforms) = preSolution
		Debug|Win32 = Debug|Win32
		Release|Win32 = Release|Win32
		MinSizeRel|Win32 = MinSizeRel|Win32
		RelWithDebInfo|Win32 = RelWithDebInfo|Win32
	EndGlobalSection
	GlobalSection(ProjectConfigurationPlatforms) = postSolution
		{60D31990-B345-4D36-8568-C4C884A025CC}.Debug|Win32.ActiveCfg = Debug|Win32
		{60D31990-B345-4D36-8568-C4C884A025CC}.Release|Win32.ActiveCfg = Release|Win32
		{60D31990-B345-4D36-8568-C4C884A025CC}.MinSizeRel|Win32.ActiveCfg = MinSizeRel|Win32
		{60D31990-B345-4D36-8568-C4C884A025CC}.RelWithDebInfo|Win32.ActiveCfg = RelWithDebInfo|Win32
		{A6454E6F-080D-4566-92FF-E2F1E9920D3A}.Debug|Win32.ActiveCfg = Debug|Win32
		{A6454E6F-080D-4566-92FF-E2F1E9920D3A}.Debug|Win32.Build.0 = Debug|Win32
		{A6454E6F-080D-4566-92FF-E2F1E9920D3A}.Release|Win32.ActiveCfg = Release|Win32
		{A6454E6F-080D-4566-92FF-E2F1E9920D3A}.Release|Win32.Build.0 = Release|Win32
		{A6454E6F-080D-4566-92FF-E2F1E9920D3A}.MinSizeRel|Win32.ActiveCfg = MinSizeRel|Win32
		{A6454E6F-080D-4566-92FF-E2F1E9920D3A}.MinSizeRel|Win32.Build.0 = MinSizeRel|Win32
		{A6454E6F-080D-4566-92FF-E2F1E9920D3A}.RelWithDebInfo|Win32.ActiveCfg = RelWithDebInfo|Win32
		{A6454E6F-080D-4566-92FF-E2F1E9920D3A}.RelWithDebInfo|Win32.Build.0 = RelWithDebInfo|Win32
		{83B5585C-3780-437A-91BF-FD6D0F0E40AD}.Debug|Win32.ActiveCfg = Debug|Win32
		{83B5585C-3780-437A-91BF-FD6D0F0E40AD}.Debug|Win32.Build.0 = Debug|Win32
		{83B5585C-3780-437A-91BF-FD6D0F0E40AD}.Release|Win32.ActiveCfg = Release|Win32
		{83B5585C-3780-437A-91BF-FD6D0F0E40AD}.Release|Win32.Build.0 = Release|Win32
		{83B5585C-3780-437A-91BF-FD6D0F0E40AD}.MinSizeRel|Win32.ActiveCfg = MinSizeRel|Win32
		{83B5585C-3780-437A-91BF-FD6D0F0E40AD}.MinSizeRel|Win32.Build.0 = MinSizeRel|Win32
		{83B5585C-3780-437A-91BF-FD6D0F0E40AD}.RelWithDebInfo|Win32.ActiveCfg = RelWithDebInfo|Win32
		{83B5585C-3780-437A-91BF-FD6D0F0E40AD}.RelWithDebInfo|Win32.Build.0 = RelWithDebInfo|Win32
		{C5B5E0A8-8146-4C14-BC4C-D9513A4EBBA0}.Debug|Win32.ActiveCfg = Debug|Win32
		{C5B5E0A8-8146-4C14-BC4C-D9513A4EBBA0}.Debug|Win32.Build.0 = Debug|Win32
		{C5B5E0A8-8146-4C14-BC4C-D9513A4EBBA0}.Release|Win32.ActiveCfg = Release|Win32
		{C5B5E0A8-8146-4C14-BC4C-D9513A4EBBA0}.Release|Win32.Build.0 = Release|Win32
		{C5B5E0A8-8146-4C14-BC4C-D9513A4EBBA0}.MinSizeRel|Win32.ActiveCfg = MinSizeRel|Win32
		{C5B5E0A8-8146-4C14-BC4C-D9513A4EBBA0}.MinSizeRel|Win32.Build.0 = MinSizeRel|Win32
		{C5B5E0A8-8146-4C14-BC4C-D9513A4EBBA0}.RelWithDebInfo|Win32.ActiveCfg = RelWithDebInfo|Win32
		{C5B5E0A8-8146-4C14-BC4C-D9513A4EBBA0}.RelWithDebInfo|Win32.Build.0 = RelWithDebInfo|Win32
		{6565B826-F03A-45BE-A393-15DF64A5A87A}.Debug|Win32.ActiveCfg = Debug|Win32
		{6565B826-F03A-45BE-A393-15DF64A5A87A}.Debug|Win32.Build.0 = Debug|Win32
		{6565B826-F03A-45BE-A393-15DF64A5A87A}.Release|Win32.ActiveCfg = Release|Win32
		{6565B826-F03A-45BE-A393-15DF64A5A87A}.Release|Win32.Build.0 = Release|Win32
		{6565B826-F03A-45BE-A393-15DF64A5A87A}.MinSizeRel|Win32.ActiveCfg = MinSizeRel|Win32
		{6565B826-F03A-45BE-A393-15DF64A5A87A}.MinSizeRel|Win32.Build.0 = MinSizeRel|Win32
		{6565B826-F03A-45BE-A393-15DF64A5A87A}.RelWithDebInfo|Win32.ActiveCfg = RelWithDebInfo|Win32
		{6565B826-F03A-45BE-A393-15DF64A5A87A}.RelWithDebInfo|Win32.Build.0 = RelWithDebInfo|Win32
		{50197A1A-3C05-4F7E-A9FC-6913F6C1C6C9}.Debug|Win32.ActiveCfg = Debug|Win32
		{50197A1A-3C05-4F7E-A9FC-6913F6C1C6C9}.Debug|Win32.Build.0 = Debug|Win32
		{50197A1A-3C05-4F7E-A9FC-6913F6C1C6C9}.Release|Win32.ActiveCfg = Release|Win32
		{50197A1A-3C05-4F7E-A9FC-6913F6C1C6C9}.Release|Win32.Build.0 = Release|Win32
		{50197A1A-3C05-4F7E-A9FC-6913F6C1C6C9}.MinSizeRel|Win32.ActiveCfg = MinSizeRel|Win32
		{50197A1A-3C05-4F7E-A9FC-6913F6C1C6C9}.MinSizeRel|Win32.Build.0 = MinSizeRel|Win32
		{50197A1A-3C05-4F7E-A9FC-6913F6C1C6C9}.RelWithDebInfo|Win32.ActiveCfg = RelWithDebInfo|Win32
		{50197A1A-3C05-4F7E-A9FC-6913F6C1C6C9}.RelWithDebInfo|Win32.Build.0 = RelWithDebInfo|Win32
		{31E9A083-1651-4D6E-845A-5DA9CC659253}.Debug|Win32.ActiveCfg = Debug|Win32
		{31E9A083-1651-4D6E-845A-5DA9CC659253}.Debug|Win32.Build.0 = Debug|Win32
		{31E9A083-1651-4D6E-845A-5DA9CC659253}.Release|Win32.ActiveCfg = Release|Win32
		{31E9A083-1651-4D6E-845A-5DA9CC659253}.Release|Win32.Build.0 = Release|Win32
		{31E9A083-1651-4D6E-845A-5DA9CC659253}.MinSizeRel|Win32.ActiveCfg = MinSizeRel|Win32
		{31E9A083-1651-4D6E-845A-5DA9CC659253}.MinSizeRel|Win32.Build.0 = MinSizeRel|Win32
		{31E9A083-1651-4D6E-845A-5DA9CC659253}.RelWithDebInfo|Win32.ActiveCfg = RelWithDebInfo|Win32
		{31E9A083-1651-4D6E-845A-5DA9CC659253}.RelWithDebInfo|Win32.Build.0 = RelWithDebInfo|Win32
		{1C5E72C6-1210-466F-B0CB-D9ABA01008B7}.Debug|Win32.ActiveCfg = Debug|Win32
		{1C5E72C6-1210-466F-B0CB-D9ABA01008B7}.Debug|Win32.Build.0 = Debug|Win32
		{1C5E72C6-1210-466F-B0CB-D9ABA01008B7}.Release|Win32.ActiveCfg = Release|Win32
		{1C5E72C6-1210-466F-B0CB-D9ABA01008B7}.Release|Win32.Build.0 = Release|Win32
		{1C5E72C6-1210-466F-B0CB-D9ABA01008B7}.MinSizeRel|Win32.ActiveCfg = MinSizeRel|Win32
		{1C5E72C6-1210-466F-B0CB-D9ABA01008B7}.MinSizeRel|Win32.Build.0 = MinSizeRel|Win32
		{1C5E72C6-1210-466F-B0CB-D9ABA01008B7}.RelWithDebInfo|Win32.ActiveCfg = RelWithDebInfo|Win32
		{1C5E72C6-1210-466F-B0CB-D9ABA01008B7}.RelWithDebInfo|Win32.Build.0 = RelWithDebInfo|Win32
		{44566E36-3FFA-4547-8A63-AD3B52C59C6B}.Debug|Win32.ActiveCfg = Debug|Win32
		{44566E36-3FFA-4547-8A63-AD3B52C59C6B}.Debug|Win32.Build.0 = Debug|Win32
		{44566E36-3FFA-4547-8A63-AD3B52C59C6B}.Release|Win32.ActiveCfg = Release|Win32
		{44566E36-3FFA-4547-8A63-AD3B52C59C6B}.Release|Win32.Build.0 = Release|Win32
		{44566E36-3FFA-4547-8A63-AD3B52C59C6B}.MinSizeRel|Win32.ActiveCfg = MinSizeRel|Win32
		{44566E36-3FFA-4547-8A63-AD3B52C59C6B}.MinSizeRel|Win32.Build.0 = MinSizeRel|Win32
		{44566E36-3FFA-4547-8A63-AD3B52C59C6B}.RelWithDebInfo|Win32.ActiveCfg = RelWithDebInfo|Win32
		{44566E36-3FFA-4547-8A63-AD3B52C59C6B}.RelWithDebInfo|Win32.Build.0 = RelWithDebInfo|Win32
		{95700BBD-2925-4565-95F2-22E846F12387}.Debug|Win32.ActiveCfg = Debug|Win32
		{95700BBD-2925-4565-95F2-22E846F12387}.Debug|Win32.Build.0 = Debug|Win32
		{95700BBD-2925-4565-95F2-22E846F12387}.Release|Win32.ActiveCfg = Release|Win32
		{95700BBD-2925-4565-95F2-22E846F12387}.Release|Win32.Build.0 = Release|Win32
		{95700BBD-2925-4565-95F2-22E846F12387}.MinSizeRel|Win32.ActiveCfg = MinSizeRel|Win32
		{95700BBD-2925-4565-95F2-22E846F12387}.MinSizeRel|Win32.Build.0 = MinSizeRel|Win32
		{95700BBD-2925-4565-95F2-22E846F12387}.RelWithDebInfo|Win32.ActiveCfg = RelWithDebInfo|Win32
		{95700BBD-2925-4565-95F2-22E846F12387}.RelWithDebInfo|Win32.Build.0 = RelWithDebInfo|Win32
		{622D06E1-ADA2-442E-9AFA-0F56437DE408}.Debug|Win32.ActiveCfg = Debug|Win32
		{622D06E1-ADA2-442E-9AFA-0F56437DE408}.Debug|Win32.Build.0 = Debug|Win32
		{622D06E1-ADA2-442E-9AFA-0F56437DE408}.Release|Win32.ActiveCfg = Release|Win32
		{622D06E1-ADA2-442E-9AFA-0F56437DE408}.Release|Win32.Build.0 = Release|Win32
		{622D06E1-ADA2-442E-9AFA-0F56437DE408}.MinSizeRel|Win32.ActiveCfg = MinSizeRel|Win32
		{622D06E1-ADA2-442E-9AFA-0F56437DE408}.MinSizeRel|Win32.Build.0 = MinSizeRel|Win32
		{622D06E1-ADA2-442E-9AFA-0F56437DE408}.RelWithDebInfo|Win32.ActiveCfg = RelWithDebInfo|Win32
		{622D06E1-ADA2-442E-9AFA-0F56437DE408}.RelWithDebInfo|Win32.Build.0 = RelWithDebInfo|Win32
		{11C19E98-6195-46EE-871C-237103302AB3}.Debug|Win32.ActiveCfg = Debug|Win32
		{11C19E98-6195-46EE-871C-237103302AB3}.Debug|Win32.Build.0 = Debug|Win32
		{11C19E98-6195-46EE-871C-237103302AB3}.Release|Win32.ActiveCfg = Release|Win32
		{11C19E98-6195-46EE-871C-237103302AB3}.Release|Win32.Build.0 = Release|Win32
		{11C19E98-6195-46EE-871C-237103302AB3}.MinSizeRel|Win32.ActiveCfg = MinSizeRel|Win32
		{11C19E98-6195-46EE-871C-237103302AB3}.MinSizeRel|Win32.Build.0 = MinSizeRel|Win32
		{11C19E98-6195-46EE-871C-237103302AB3}.RelWithDebInfo|Win32.ActiveCfg = RelWithDebInfo|Win32
		{11C19E98-6195-46EE-871C-237103302AB3}.RelWithDebInfo|Win32.Build.0 = RelWithDebInfo|Win32
		{A638FC59-40BD-43AA-858E-271FA53DCC0A}.Debug|Win32.ActiveCfg = Debug|Win32
		{A638FC59-40BD-43AA-858E-271FA53DCC0A}.Debug|Win32.Build.0 = Debug|Win32
		{A638FC59-40BD-43AA-858E-271FA53DCC0A}.Release|Win32.ActiveCfg = Release|Win32
		{A638FC59-40BD-43AA-858E-271FA53DCC0A}.Release|Win32.Build.0 = Release|Win32
		{A638FC59-40BD-43AA-858E-271FA53DCC0A}.MinSizeRel|Win32.ActiveCfg = MinSizeRel|Win32
		{A638FC59-40BD-43AA-858E-271FA53DCC0A}.MinSizeRel|Win32.Build.0 = MinSizeRel|Win32
		{A638FC59-40BD-43AA-858E-271FA53DCC0A}.RelWithDebInfo|Win32.ActiveCfg = RelWithDebInfo|Win32
		{A638FC59-40BD-43AA-858E-271FA53DCC0A}.RelWithDebInfo|Win32.Build.0 = RelWithDebInfo|Win32
		{E7FBFF63-41E6-427F-AEAE-D05B17F47437}.Debug|Win32.ActiveCfg = Debug|Win32
		{E7FBFF63-41E6-427F-AEAE-D05B17F47437}.Debug|Win32.Build.0 = Debug|Win32
		{E7FBFF63-41E6-427F-AEAE-D05B17F47437}.Release|Win32.ActiveCfg = Release|Win32
		{E7FBFF63-41E6-427F-AEAE-D05B17F47437}.Release|Win32.Build.0 = Release|Win32
		{E7FBFF63-41E6-427F-AEAE-D05B17F47437}.MinSizeRel|Win32.ActiveCfg = MinSizeRel|Win32
		{E7FBFF63-41E6-427F-AEAE-D05B17F47437}.MinSizeRel|Win32.Build.0 = MinSizeRel|Win32
		{E7FBFF63-41E6-427F-AEAE-D05B17F47437}.RelWithDebInfo|Win32.ActiveCfg = RelWithDebInfo|Win32
		{E7FBFF63-41E6-427F-AEAE-D05B17F47437}.RelWithDebInfo|Win32.Build.0 = RelWithDebInfo|Win32
		{455972BD-D357-44EB-AE6E-C4CAF9F55289}.Debug|Win32.ActiveCfg = Debug|Win32
		{455972BD-D357-44EB-AE6E-C4CAF9F55289}.Debug|Win32.Build.0 = Debug|Win32
		{455972BD-D357-44EB-AE6E-C4CAF9F55289}.Release|Win32.ActiveCfg = Release|Win32
		{455972BD-D357-44EB-AE6E-C4CAF9F55289}.Release|Win32.Build.0 = Release|Win32
		{455972BD-D357-44EB-AE6E-C4CAF9F55289}.MinSizeRel|Win32.ActiveCfg = MinSizeRel|Win32
		{455972BD-D357-44EB-AE6E-C4CAF9F55289}.MinSizeRel|Win32.Build.0 = MinSizeRel|Win32
		{455972BD-D357-44EB-AE6E-C4CAF9F55289}.RelWithDebInfo|Win32.ActiveCfg = RelWithDebInfo|Win32
		{455972BD-D357-44EB-AE6E-C4CAF9F55289}.RelWithDebInfo|Win32.Build.0 = RelWithDebInfo|Win32
		{A97FE346-828D-4B48-8977-747BBC7A5321}.Debug|Win32.ActiveCfg = Debug|Win32
		{A97FE346-828D-4B48-8977-747BBC7A5321}.Debug|Win32.Build.0 = Debug|Win32
		{A97FE346-828D-4B48-8977-747BBC7A5321}.Release|Win32.ActiveCfg = Release|Win32
		{A97FE346-828D-4B48-8977-747BBC7A5321}.Release|Win32.Build.0 = Release|Win32
		{A97FE346-828D-4B48-8977-747BBC7A5321}.MinSizeRel|Win32.ActiveCfg = MinSizeRel|Win32
		{A97FE346-828D-4B48-8977-747BBC7A5321}.MinSizeRel|Win32.Build.0 = MinSizeRel|Win32
		{A97FE346-828D-4B48-8977-747BBC7A5321}.RelWithDebInfo|Win32.ActiveCfg = RelWithDebInfo|Win32
		{A97FE346-828D-4B48-8977-747BBC7A5321}.RelWithDebInfo|Win32.Build.0 = RelWithDebInfo|Win32
		{AAF2258A-56AC-4F28-8ACF-AA0E099E898A}.Debug|Win32.ActiveCfg = Debug|Win32
		{AAF2258A-56AC-4F28-8ACF-AA0E099E898A}.Debug|Win32.Build.0 = Debug|Win32
		{AAF2258A-56AC-4F28-8ACF-AA0E099E898A}.Release|Win32.ActiveCfg = Release|Win32
		{AAF2258A-56AC-4F28-8ACF-AA0E099E898A}.Release|Win32.Build.0 = Release|Win32
		{AAF2258A-56AC-4F28-8ACF-AA0E099E898A}.MinSizeRel|Win32.ActiveCfg = MinSizeRel|Win32
		{AAF2258A-56AC-4F28-8ACF-AA0E099E898A}.MinSizeRel|Win32.Build.0 = MinSizeRel|Win32
		{AAF2258A-56AC-4F28-8ACF-AA0E099E898A}.RelWithDebInfo|Win32.ActiveCfg = RelWithDebInfo|Win32
		{AAF2258A-56AC-4F28-8ACF-AA0E099E898A}.RelWithDebInfo|Win32.Build.0 = RelWithDebInfo|Win32
		{8D3CD326-3661-49D9-862A-BCF13E832CFB}.Debug|Win32.ActiveCfg = Debug|Win32
		{8D3CD326-3661-49D9-862A-BCF13E832CFB}.Debug|Win32.Build.0 = Debug|Win32
		{8D3CD326-3661-49D9-862A-BCF13E832CFB}.Release|Win32.ActiveCfg = Release|Win32
		{8D3CD326-3661-49D9-862A-BCF13E832CFB}.Release|Win32.Build.0 = Release|Win32
		{8D3CD326-3661-49D9-862A-BCF13E832CFB}.MinSizeRel|Win32.ActiveCfg = MinSizeRel|Win32
		{8D3CD326-3661-49D9-862A-BCF13E832CFB}.MinSizeRel|Win32.Build.0 = MinSizeRel|Win32
		{8D3CD326-3661-49D9-862A-BCF13E832CFB}.RelWithDebInfo|Win32.ActiveCfg = RelWithDebInfo|Win32
		{8D3CD326-3661-49D9-862A-BCF13E832CFB}.RelWithDebInfo|Win32.Build.0 = RelWithDebInfo|Win32
		{F9BD0CC6-1F25-47A3-8C07-0DBEF629AEEB}.Debug|Win32.ActiveCfg = Debug|Win32
		{F9BD0CC6-1F25-47A3-8C07-0DBEF629AEEB}.Debug|Win32.Build.0 = Debug|Win32
		{F9BD0CC6-1F25-47A3-8C07-0DBEF629AEEB}.Release|Win32.ActiveCfg = Release|Win32
		{F9BD0CC6-1F25-47A3-8C07-0DBEF629AEEB}.Release|Win32.Build.0 = Release|Win32
		{F9BD0CC6-1F25-47A3-8C07-0DBEF629AEEB}.MinSizeRel|Win32.ActiveCfg = MinSizeRel|Win32
		{F9BD0CC6-1F25-47A3-8C07-0DBEF629AEEB}.MinSizeRel|Win32.Build.0 = MinSizeRel|Win32
		{F9BD0CC6-1F25-47A3-8C07-0DBEF629AEEB}.RelWithDebInfo|Win32.ActiveCfg = RelWithDebInfo|Win32
		{F9BD0CC6-1F25-47A3-8C07-0DBEF629AEEB}.RelWithDebInfo|Win32.Build.0 = RelWithDebInfo|Win32
		{AA14968A-237F-478E-82B6-2D05E1E37B0F}.Debug|Win32.ActiveCfg = Debug|Win32
		{AA14968A-237F-478E-82B6-2D05E1E37B0F}.Debug|Win32.Build.0 = Debug|Win32
		{AA14968A-237F-478E-82B6-2D05E1E37B0F}.Release|Win32.ActiveCfg = Release|Win32
		{AA14968A-237F-478E-82B6-2D05E1E37B0F}.Release|Win32.Build.0 = Release|Win32
		{AA14968A-237F-478E-82B6-2D05E1E37B0F}.MinSizeRel|Win32.ActiveCfg = MinSizeRel|Win32
		{AA14968A-237F-478E-82B6-2D05E1E37B0F}.MinSizeRel|Win32.Build.0 = MinSizeRel|Win32
		{AA14968A-237F-478E-82B6-2D05E1E37B0F}.RelWithDebInfo|Win32.ActiveCfg = RelWithDebInfo|Win32
		{AA14968A-237F-478E-82B6-2D05E1E37B0F}.RelWithDebInfo|Win32.Build.0 = RelWithDebInfo|Win32
		{F76B1C6A-0FDF-4CC4-9CC7-717313CE5ABE}.Debug|Win32.ActiveCfg = Debug|Win32
		{F76B1C6A-0FDF-4CC4-9CC7-717313CE5ABE}.Debug|Win32.Build.0 = Debug|Win32
		{F76B1C6A-0FDF-4CC4-9CC7-717313CE5ABE}.Release|Win32.ActiveCfg = Release|Win32
		{F76B1C6A-0FDF-4CC4-9CC7-717313CE5ABE}.Release|Win32.Build.0 = Release|Win32
		{F76B1C6A-0FDF-4CC4-9CC7-717313CE5ABE}.MinSizeRel|Win32.ActiveCfg = MinSizeRel|Win32
		{F76B1C6A-0FDF-4CC4-9CC7-717313CE5ABE}.MinSizeRel|Win32.Build.0 = MinSizeRel|Win32
		{F76B1C6A-0FDF-4CC4-9CC7-717313CE5ABE}.RelWithDebInfo|Win32.ActiveCfg = RelWithDebInfo|Win32
		{F76B1C6A-0FDF-4CC4-9CC7-717313CE5ABE}.RelWithDebInfo|Win32.Build.0 = RelWithDebInfo|Win32
		{06625F9C-466D-4273-B25F-6337C917C687}.Debug|Win32.ActiveCfg = Debug|Win32
		{06625F9C-466D-4273-B25F-6337C917C687}.Debug|Win32.Build.0 = Debug|Win32
		{06625F9C-466D-4273-B25F-6337C917C687}.Release|Win32.ActiveCfg = Release|Win32
		{06625F9C-466D-4273-B25F-6337C917C687}.Release|Win32.Build.0 = Release|Win32
		{06625F9C-466D-4273-B25F-6337C917C687}.MinSizeRel|Win32.ActiveCfg = MinSizeRel|Win32
		{06625F9C-466D-4273-B25F-6337C917C687}.MinSizeRel|Win32.Build.0 = MinSizeRel|Win32
		{06625F9C-466D-4273-B25F-6337C917C687}.RelWithDebInfo|Win32.ActiveCfg = RelWithDebInfo|Win32
		{06625F9C-466D-4273-B25F-6337C917C687}.RelWithDebInfo|Win32.Build.0 = RelWithDebInfo|Win32
		{E220D160-B637-48D9-9F8C-A9E328F10A45}.Debug|Win32.ActiveCfg = Debug|Win32
		{E220D160-B637-48D9-9F8C-A9E328F10A45}.Debug|Win32.Build.0 = Debug|Win32
		{E220D160-B637-48D9-9F8C-A9E328F10A45}.Release|Win32.ActiveCfg = Release|Win32
		{E220D160-B637-48D9-9F8C-A9E328F10A45}.Release|Win32.Build.0 = Release|Win32
		{E220D160-B637-48D9-9F8C-A9E328F10A45}.MinSizeRel|Win32.ActiveCfg = MinSizeRel|Win32
		{E220D160-B637-48D9-9F8C-A9E328F10A45}.MinSizeRel|Win32.Build.0 = MinSizeRel|Win32
		{E220D160-B637-48D9-9F8C-A9E328F10A45}.RelWithDebInfo|Win32.ActiveCfg = RelWithDebInfo|Win32
		{E220D160-B637-48D9-9F8C-A9E328F10A45}.RelWithDebInfo|Win32.Build.0 = RelWithDebInfo|Win32
		{5F3CFA07-D9FE-44A3-A4A3-0A3271A747E5}.Debug|Win32.ActiveCfg = Debug|Win32
		{5F3CFA07-D9FE-44A3-A4A3-0A3271A747E5}.Debug|Win32.Build.0 = Debug|Win32
		{5F3CFA07-D9FE-44A3-A4A3-0A3271A747E5}.Release|Win32.ActiveCfg = Release|Win32
		{5F3CFA07-D9FE-44A3-A4A3-0A3271A747E5}.Release|Win32.Build.0 = Release|Win32
		{5F3CFA07-D9FE-44A3-A4A3-0A3271A747E5}.MinSizeRel|Win32.ActiveCfg = MinSizeRel|Win32
		{5F3CFA07-D9FE-44A3-A4A3-0A3271A747E5}.MinSizeRel|Win32.Build.0 = MinSizeRel|Win32
		{5F3CFA07-D9FE-44A3-A4A3-0A3271A747E5}.RelWithDebInfo|Win32.ActiveCfg = RelWithDebInfo|Win32
		{5F3CFA07-D9FE-44A3-A4A3-0A3271A747E5}.RelWithDebInfo|Win32.Build.0 = RelWithDebInfo|Win32
		{15797951-2E39-4B43-ABFA-9BC2BCE32E15}.Debug|Win32.ActiveCfg = Debug|Win32
		{15797951-2E39-4B43-ABFA-9BC2BCE32E15}.Debug|Win32.Build.0 = Debug|Win32
		{15797951-2E39-4B43-ABFA-9BC2BCE32E15}.Release|Win32.ActiveCfg = Release|Win32
		{15797951-2E39-4B43-ABFA-9BC2BCE32E15}.Release|Win32.Build.0 = Release|Win32
		{15797951-2E39-4B43-ABFA-9BC2BCE32E15}.MinSizeRel|Win32.ActiveCfg = MinSizeRel|Win32
		{15797951-2E39-4B43-ABFA-9BC2BCE32E15}.MinSizeRel|Win32.Build.0 = MinSizeRel|Win32
		{15797951-2E39-4B43-ABFA-9BC2BCE32E15}.RelWithDebInfo|Win32.ActiveCfg = RelWithDebInfo|Win32
		{15797951-2E39-4B43-ABFA-9BC2BCE32E15}.RelWithDebInfo|Win32.Build.0 = RelWithDebInfo|Win32
		{36C21A36-25C7-4B71-962A-EF7EE15B53E8}.Debug|Win32.ActiveCfg = Debug|Win32
		{36C21A36-25C7-4B71-962A-EF7EE15B53E8}.Debug|Win32.Build.0 = Debug|Win32
		{36C21A36-25C7-4B71-962A-EF7EE15B53E8}.Release|Win32.ActiveCfg = Release|Win32
		{36C21A36-25C7-4B71-962A-EF7EE15B53E8}.Release|Win32.Build.0 = Release|Win32
		{36C21A36-25C7-4B71-962A-EF7EE15B53E8}.MinSizeRel|Win32.ActiveCfg = MinSizeRel|Win32
		{36C21A36-25C7-4B71-962A-EF7EE15B53E8}.MinSizeRel|Win32.Build.0 = MinSizeRel|Win32
		{36C21A36-25C7-4B71-962A-EF7EE15B53E8}.RelWithDebInfo|Win32.ActiveCfg = RelWithDebInfo|Win32
		{36C21A36-25C7-4B71-962A-EF7EE15B53E8}.RelWithDebInfo|Win32.Build.0 = RelWithDebInfo|Win32
		{409A9CDC-F8BC-43EF-9EE0-BBC446F4A1BE}.Debug|Win32.ActiveCfg = Debug|Win32
		{409A9CDC-F8BC-43EF-9EE0-BBC446F4A1BE}.Debug|Win32.Build.0 = Debug|Win32
		{409A9CDC-F8BC-43EF-9EE0-BBC446F4A1BE}.Release|Win32.ActiveCfg = Release|Win32
		{409A9CDC-F8BC-43EF-9EE0-BBC446F4A1BE}.Release|Win32.Build.0 = Release|Win32
		{409A9CDC-F8BC-43EF-9EE0-BBC446F4A1BE}.MinSizeRel|Win32.ActiveCfg = MinSizeRel|Win32
		{409A9CDC-F8BC-43EF-9EE0-BBC446F4A1BE}.MinSizeRel|Win32.Build.0 = MinSizeRel|Win32
		{409A9CDC-F8BC-43EF-9EE0-BBC446F4A1BE}.RelWithDebInfo|Win32.ActiveCfg = RelWithDebInfo|Win32
		{409A9CDC-F8BC-43EF-9EE0-BBC446F4A1BE}.RelWithDebInfo|Win32.Build.0 = RelWithDebInfo|Win32
		{043CE492-FBF7-455A-94F0-E758F2B004A1}.Debug|Win32.ActiveCfg = Debug|Win32
		{043CE492-FBF7-455A-94F0-E758F2B004A1}.Debug|Win32.Build.0 = Debug|Win32
		{043CE492-FBF7-455A-94F0-E758F2B004A1}.Release|Win32.ActiveCfg = Release|Win32
		{043CE492-FBF7-455A-94F0-E758F2B004A1}.Release|Win32.Build.0 = Release|Win32
		{043CE492-FBF7-455A-94F0-E758F2B004A1}.MinSizeRel|Win32.ActiveCfg = MinSizeRel|Win32
		{043CE492-FBF7-455A-94F0-E758F2B004A1}.MinSizeRel|Win32.Build.0 = MinSizeRel|Win32
		{043CE492-FBF7-455A-94F0-E758F2B004A1}.RelWithDebInfo|Win32.ActiveCfg = RelWithDebInfo|Win32
		{043CE492-FBF7-455A-94F0-E758F2B004A1}.RelWithDebInfo|Win32.Build.0 = RelWithDebInfo|Win32
		{FCE0AD99-D3FD-4FE1-8B2A-EA359186D7D7}.Debug|Win32.ActiveCfg = Debug|Win32
		{FCE0AD99-D3FD-4FE1-8B2A-EA359186D7D7}.Debug|Win32.Build.0 = Debug|Win32
		{FCE0AD99-D3FD-4FE1-8B2A-EA359186D7D7}.Release|Win32.ActiveCfg = Release|Win32
		{FCE0AD99-D3FD-4FE1-8B2A-EA359186D7D7}.Release|Win32.Build.0 = Release|Win32
		{FCE0AD99-D3FD-4FE1-8B2A-EA359186D7D7}.MinSizeRel|Win32.ActiveCfg = MinSizeRel|Win32
		{FCE0AD99-D3FD-4FE1-8B2A-EA359186D7D7}.MinSizeRel|Win32.Build.0 = MinSizeRel|Win32
		{FCE0AD99-D3FD-4FE1-8B2A-EA359186D7D7}.RelWithDebInfo|Win32.ActiveCfg = RelWithDebInfo|Win32
		{FCE0AD99-D3FD-4FE1-8B2A-EA359186D7D7}.RelWithDebInfo|Win32.Build.0 = RelWithDebInfo|Win32
		{0A0188C8-1407-4BA9-B53B-6F5800663FDA}.Debug|Win32.ActiveCfg = Debug|Win32
		{0A0188C8-1407-4BA9-B53B-6F5800663FDA}.Debug|Win32.Build.0 = Debug|Win32
		{0A0188C8-1407-4BA9-B53B-6F5800663FDA}.Release|Win32.ActiveCfg = Release|Win32
		{0A0188C8-1407-4BA9-B53B-6F5800663FDA}.Release|Win32.Build.0 = Release|Win32
		{0A0188C8-1407-4BA9-B53B-6F5800663FDA}.MinSizeRel|Win32.ActiveCfg = MinSizeRel|Win32
		{0A0188C8-1407-4BA9-B53B-6F5800663FDA}.MinSizeRel|Win32.Build.0 = MinSizeRel|Win32
		{0A0188C8-1407-4BA9-B53B-6F5800663FDA}.RelWithDebInfo|Win32.ActiveCfg = RelWithDebInfo|Win32
		{0A0188C8-1407-4BA9-B53B-6F5800663FDA}.RelWithDebInfo|Win32.Build.0 = RelWithDebInfo|Win32
		{1787EA50-8FDB-4A70-A26B-52875773872F}.Debug|Win32.ActiveCfg = Debug|Win32
		{1787EA50-8FDB-4A70-A26B-52875773872F}.Debug|Win32.Build.0 = Debug|Win32
		{1787EA50-8FDB-4A70-A26B-52875773872F}.Release|Win32.ActiveCfg = Release|Win32
		{1787EA50-8FDB-4A70-A26B-52875773872F}.Release|Win32.Build.0 = Release|Win32
		{1787EA50-8FDB-4A70-A26B-52875773872F}.MinSizeRel|Win32.ActiveCfg = MinSizeRel|Win32
		{1787EA50-8FDB-4A70-A26B-52875773872F}.MinSizeRel|Win32.Build.0 = MinSizeRel|Win32
		{1787EA50-8FDB-4A70-A26B-52875773872F}.RelWithDebInfo|Win32.ActiveCfg = RelWithDebInfo|Win32
		{1787EA50-8FDB-4A70-A26B-52875773872F}.RelWithDebInfo|Win32.Build.0 = RelWithDebInfo|Win32
		{658A8382-1349-412D-AA2A-9F713D64FFC1}.Debug|Win32.ActiveCfg = Debug|Win32
		{658A8382-1349-412D-AA2A-9F713D64FFC1}.Debug|Win32.Build.0 = Debug|Win32
		{658A8382-1349-412D-AA2A-9F713D64FFC1}.Release|Win32.ActiveCfg = Release|Win32
		{658A8382-1349-412D-AA2A-9F713D64FFC1}.Release|Win32.Build.0 = Release|Win32
		{658A8382-1349-412D-AA2A-9F713D64FFC1}.MinSizeRel|Win32.ActiveCfg = MinSizeRel|Win32
		{658A8382-1349-412D-AA2A-9F713D64FFC1}.MinSizeRel|Win32.Build.0 = MinSizeRel|Win32
		{658A8382-1349-412D-AA2A-9F713D64FFC1}.RelWithDebInfo|Win32.ActiveCfg = RelWithDebInfo|Win32
		{658A8382-1349-412D-AA2A-9F713D64FFC1}.RelWithDebInfo|Win32.Build.0 = RelWithDebInfo|Win32
	EndGlobalSection
	GlobalSection(ExtensibilityGlobals) = postSolution
	EndGlobalSection
	GlobalSection(ExtensibilityAddIns) = postSolution
	EndGlobalSection
EndGlobal
